
Microsoft Visual Studio Solution File, Format Version 12.00
# Visual Studio Version 17
VisualStudioVersion = 17.1.32210.238
MinimumVisualStudioVersion = 10.0.40219.1
Project("{FAE04EC0-301F-11D3-BF4B-00C04F79EFBC}") = "Proyecto25AM", "Proyecto25AM\Proyecto25AM.csproj", "{64B8C3BE-7814-48B6-8FAE-3C3F9209806E}"
EndProject
Project("{FAE04EC0-301F-11D3-BF4B-00C04F79EFBC}") = "Domain", "Domain\Domain.csproj", "{A6241417-D332-47C6-B119-0BAB5CFDC2CA}"
EndProject
Global
	GlobalSection(SolutionConfigurationPlatforms) = preSolution
		Debug|Any CPU = Debug|Any CPU
		Release|Any CPU = Release|Any CPU
	EndGlobalSection
	GlobalSection(ProjectConfigurationPlatforms) = postSolution
		{64B8C3BE-7814-48B6-8FAE-3C3F9209806E}.Debug|Any CPU.ActiveCfg = Debug|Any CPU
		{64B8C3BE-7814-48B6-8FAE-3C3F9209806E}.Debug|Any CPU.Build.0 = Debug|Any CPU
		{64B8C3BE-7814-48B6-8FAE-3C3F9209806E}.Release|Any CPU.ActiveCfg = Release|Any CPU
		{64B8C3BE-7814-48B6-8FAE-3C3F9209806E}.Release|Any CPU.Build.0 = Release|Any CPU
		{A6241417-D332-47C6-B119-0BAB5CFDC2CA}.Debug|Any CPU.ActiveCfg = Debug|Any CPU
		{A6241417-D332-47C6-B119-0BAB5CFDC2CA}.Debug|Any CPU.Build.0 = Debug|Any CPU
		{A6241417-D332-47C6-B119-0BAB5CFDC2CA}.Release|Any CPU.ActiveCfg = Release|Any CPU
		{A6241417-D332-47C6-B119-0BAB5CFDC2CA}.Release|Any CPU.Build.0 = Release|Any CPU
	EndGlobalSection
	GlobalSection(SolutionProperties) = preSolution
		HideSolutionNode = FALSE
	EndGlobalSection
	GlobalSection(ExtensibilityGlobals) = postSolution
		SolutionGuid = {AFF667C7-F97B-4952-93DC-35DF505CDEE7}
	EndGlobalSection
EndGlobal
